// !$*UTF8*$!
{
	archiveVersion = 1;
	classes = {
	};
	objectVersion = 46;
	objects = {

/* Begin PBXBuildFile section */
		6022134F1E7F61CF004616A2 /* main.m in Sources */ = {isa = PBXBuildFile; fileRef = 6022134E1E7F61CF004616A2 /* main.m */; };
		602213521E7F61CF004616A2 /* AppDelegate.m in Sources */ = {isa = PBXBuildFile; fileRef = 602213511E7F61CF004616A2 /* AppDelegate.m */; };
		602213551E7F61CF004616A2 /* ViewController.m in Sources */ = {isa = PBXBuildFile; fileRef = 602213541E7F61CF004616A2 /* ViewController.m */; };
		602213581E7F61CF004616A2 /* Main.storyboard in Resources */ = {isa = PBXBuildFile; fileRef = 602213561E7F61CF004616A2 /* Main.storyboard */; };
		6022135A1E7F61CF004616A2 /* Assets.xcassets in Resources */ = {isa = PBXBuildFile; fileRef = 602213591E7F61CF004616A2 /* Assets.xcassets */; };
		6022135D1E7F61CF004616A2 /* LaunchScreen.storyboard in Resources */ = {isa = PBXBuildFile; fileRef = 6022135B1E7F61CF004616A2 /* LaunchScreen.storyboard */; };
		602213661E7F6292004616A2 /* DispatchTimer.m in Sources */ = {isa = PBXBuildFile; fileRef = 602213651E7F6292004616A2 /* DispatchTimer.m */; };
/* End PBXBuildFile section */

/* Begin PBXFileReference section */
		6022134A1E7F61CF004616A2 /* DispatchTimer.app */ = {isa = PBXFileReference; explicitFileType = wrapper.application; includeInIndex = 0; path = DispatchTimer.app; sourceTree = BUILT_PRODUCTS_DIR; };
		6022134E1E7F61CF004616A2 /* main.m */ = {isa = PBXFileReference; lastKnownFileType = sourcecode.c.objc; path = main.m; sourceTree = "<group>"; };
		602213501E7F61CF004616A2 /* AppDelegate.h */ = {isa = PBXFileReference; lastKnownFileType = sourcecode.c.h; path = AppDelegate.h; sourceTree = "<group>"; };
		602213511E7F61CF004616A2 /* AppDelegate.m */ = {isa = PBXFileReference; lastKnownFileType = sourcecode.c.objc; path = AppDelegate.m; sourceTree = "<group>"; };
		602213531E7F61CF004616A2 /* ViewController.h */ = {isa = PBXFileReference; lastKnownFileType = sourcecode.c.h; path = ViewController.h; sourceTree = "<group>"; };
		602213541E7F61CF004616A2 /* ViewController.m */ = {isa = PBXFileReference; lastKnownFileType = sourcecode.c.objc; path = ViewController.m; sourceTree = "<group>"; };
		602213571E7F61CF004616A2 /* Base */ = {isa = PBXFileReference; lastKnownFileType = file.storyboard; name = Base; path = Base.lproj/Main.storyboard; sourceTree = "<group>"; };
		602213591E7F61CF004616A2 /* Assets.xcassets */ = {isa = PBXFileReference; lastKnownFileType = folder.assetcatalog; path = Assets.xcassets; sourceTree = "<group>"; };
		6022135C1E7F61CF004616A2 /* Base */ = {isa = PBXFileReference; lastKnownFileType = file.storyboard; name = Base; path = Base.lproj/LaunchScreen.storyboard; sourceTree = "<group>"; };
		6022135E1E7F61CF004616A2 /* Info.plist */ = {isa = PBXFileReference; lastKnownFileType = text.plist.xml; path = Info.plist; sourceTree = "<group>"; };
		602213641E7F6292004616A2 /* DispatchTimer.h */ = {isa = PBXFileReference; fileEncoding = 4; lastKnownFileType = sourcecode.c.h; path = DispatchTimer.h; sourceTree = "<group>"; };
		602213651E7F6292004616A2 /* DispatchTimer.m */ = {isa = PBXFileReference; fileEncoding = 4; lastKnownFileType = sourcecode.c.objc; path = DispatchTimer.m; sourceTree = "<group>"; };
/* End PBXFileReference section */

/* Begin PBXFrameworksBuildPhase section */
		602213471E7F61CF004616A2 /* Frameworks */ = {
			isa = PBXFrameworksBuildPhase;
			buildActionMask = 2147483647;
			files = (
			);
			runOnlyForDeploymentPostprocessing = 0;
		};
/* End PBXFrameworksBuildPhase section */

/* Begin PBXGroup section */
		602213411E7F61CF004616A2 = {
			isa = PBXGroup;
			children = (
				6022134C1E7F61CF004616A2 /* DispatchTimer */,
				6022134B1E7F61CF004616A2 /* Products */,
			);
			sourceTree = "<group>";
		};
		6022134B1E7F61CF004616A2 /* Products */ = {
			isa = PBXGroup;
			children = (
				6022134A1E7F61CF004616A2 /* DispatchTimer.app */,
			);
			name = Products;
			sourceTree = "<group>";
		};
		6022134C1E7F61CF004616A2 /* DispatchTimer */ = {
			isa = PBXGroup;
			children = (
				602213501E7F61CF004616A2 /* AppDelegate.h */,
				602213511E7F61CF004616A2 /* AppDelegate.m */,
				602213531E7F61CF004616A2 /* ViewController.h */,
				602213541E7F61CF004616A2 /* ViewController.m */,
				602213641E7F6292004616A2 /* DispatchTimer.h */,
				602213651E7F6292004616A2 /* DispatchTimer.m */,
				602213561E7F61CF004616A2 /* Main.storyboard */,
				602213591E7F61CF004616A2 /* Assets.xcassets */,
				6022135B1E7F61CF004616A2 /* LaunchScreen.storyboard */,
				6022135E1E7F61CF004616A2 /* Info.plist */,
				6022134D1E7F61CF004616A2 /* Supporting Files */,
			);
			path = DispatchTimer;
			sourceTree = "<group>";
		};
		6022134D1E7F61CF004616A2 /* Supporting Files */ = {
			isa = PBXGroup;
			children = (
				6022134E1E7F61CF004616A2 /* main.m */,
			);
			name = "Supporting Files";
			sourceTree = "<group>";
		};
/* End PBXGroup section */

/* Begin PBXNativeTarget section */
		602213491E7F61CF004616A2 /* DispatchTimer */ = {
			isa = PBXNativeTarget;
			buildConfigurationList = 602213611E7F61CF004616A2 /* Build configuration list for PBXNativeTarget "DispatchTimer" */;
			buildPhases = (
				602213461E7F61CF004616A2 /* Sources */,
				602213471E7F61CF004616A2 /* Frameworks */,
				602213481E7F61CF004616A2 /* Resources */,
			);
			buildRules = (
			);
			dependencies = (
			);
			name = DispatchTimer;
			productName = DispatchTimer;
			productReference = 6022134A1E7F61CF004616A2 /* DispatchTimer.app */;
			productType = "com.apple.product-type.application";
		};
/* End PBXNativeTarget section */

/* Begin PBXProject section */
		602213421E7F61CF004616A2 /* Project object */ = {
			isa = PBXProject;
			attributes = {
				LastUpgradeCheck = 0820;
				ORGANIZATIONNAME = lieryang;
				TargetAttributes = {
					602213491E7F61CF004616A2 = {
						CreatedOnToolsVersion = 8.2.1;
						DevelopmentTeam = PYJ3M9TJFN;
						ProvisioningStyle = Automatic;
					};
				};
			};
			buildConfigurationList = 602213451E7F61CF004616A2 /* Build configuration list for PBXProject "DispatchTimer" */;
			compatibilityVersion = "Xcode 3.2";
			developmentRegion = English;
			hasScannedForEncodings = 0;
			knownRegions = (
				en,
				Base,
			);
			mainGroup = 602213411E7F61CF004616A2;
			productRefGroup = 6022134B1E7F61CF004616A2 /* Products */;
			projectDirPath = "";
			projectRoot = "";
			targets = (
				602213491E7F61CF004616A2 /* DispatchTimer */,
			);
		};
/* End PBXProject section */

/* Begin PBXResourcesBuildPhase section */
		602213481E7F61CF004616A2 /* Resources */ = {
			isa = PBXResourcesBuildPhase;
			buildActionMask = 2147483647;
			files = (
				6022135D1E7F61CF004616A2 /* LaunchScreen.storyboard in Resources */,
				6022135A1E7F61CF004616A2 /* Assets.xcassets in Resources */,
				602213581E7F61CF004616A2 /* Main.storyboard in Resources */,
			);
			runOnlyForDeploymentPostprocessing = 0;
		};
/* End PBXResourcesBuildPhase section */

/* Begin PBXSourcesBuildPhase section */
		602213461E7F61CF004616A2 /* Sources */ = {
			isa = PBXSourcesBuildPhase;
			buildActionMask = 2147483647;
			files = (
				602213551E7F61CF004616A2 /* ViewController.m in Sources */,
				602213521E7F61CF004616A2 /* AppDelegate.m in Sources */,
				6022134F1E7F61CF004616A2 /* main.m in Sources */,
				602213661E7F6292004616A2 /* DispatchTimer.m in Sources */,
			);
			runOnlyForDeploymentPostprocessing = 0;
		};
/* End PBXSourcesBuildPhase section */

/* Begin PBXVariantGroup section */
		602213561E7F61CF004616A2 /* Main.storyboard */ = {
			isa = PBXVariantGroup;
			children = (
				602213571E7F61CF004616A2 /* Base */,
			);
			name = Main.storyboard;
			sourceTree = "<group>";
		};
		6022135B1E7F61CF004616A2 /* LaunchScreen.storyboard */ = {
			isa = PBXVariantGroup;
			children = (
				6022135C1E7F61CF004616A2 /* Base */,
			);
			name = LaunchScreen.storyboard;
			sourceTree = "<group>";
		};
/* End PBXVariantGroup section */

/* Begin XCBuildConfiguration section */
		6022135F1E7F61CF004616A2 /* Debug */ = {
			isa = XCBuildConfiguration;
			buildSettings = {
				ALWAYS_SEARCH_USER_PATHS = NO;
				CLANG_ANALYZER_NONNULL = YES;
				CLANG_CXX_LANGUAGE_STANDARD = "gnu++0x";
				CLANG_CXX_LIBRARY = "libc++";
				CLANG_ENABLE_MODULES = YES;
				CLANG_ENABLE_OBJC_ARC = YES;
				CLANG_WARN_BOOL_CONVERSION = YES;
				CLANG_WARN_CONSTANT_CONVERSION = YES;
				CLANG_WARN_DIRECT_OBJC_ISA_USAGE = YES_ERROR;
				CLANG_WARN_DOCUMENTATION_COMMENTS = YES;
				CLANG_WARN_EMPTY_BODY = YES;
				CLANG_WARN_ENUM_CONVERSION = YES;
				CLANG_WARN_INFINITE_RECURSION = YES;
				CLANG_WARN_INT_CONVERSION = YES;
				CLANG_WARN_OBJC_ROOT_CLASS = YES_ERROR;
				CLANG_WARN_SUSPICIOUS_MOVE = YES;
				CLANG_WARN_UNREACHABLE_CODE = YES;
				CLANG_WARN__DUPLICATE_METHOD_MATCH = YES;
				"CODE_SIGN_IDENTITY[sdk=iphoneos*]" = "iPhone Developer";
				COPY_PHASE_STRIP = NO;
				DEBUG_INFORMATION_FORMAT = dwarf;
				ENABLE_STRICT_OBJC_MSGSEND = YES;
				ENABLE_TESTABILITY = YES;
				GCC_C_LANGUAGE_STANDARD = gnu99;
				GCC_DYNAMIC_NO_PIC = NO;
				GCC_NO_COMMON_BLOCKS = YES;
				GCC_OPTIMIZATION_LEVEL = 0;
				GCC_PREPROCESSOR_DEFINITIONS = (
					"DEBUG=1",
					"$(inherited)",
				);
				GCC_WARN_64_TO_32_BIT_CONVERSION = YES;
				GCC_WARN_ABOUT_RETURN_TYPE = YES_ERROR;
				GCC_WARN_UNDECLARED_SELECTOR = YES;
				GCC_WARN_UNINITIALIZED_AUTOS = YES_AGGRESSIVE;
				GCC_WARN_UNUSED_FUNCTION = YES;
				GCC_WARN_UNUSED_VARIABLE = YES;
				IPHONEOS_DEPLOYMENT_TARGET = 10.2;
				MTL_ENABLE_DEBUG_INFO = YES;
				ONLY_ACTIVE_ARCH = YES;
				SDKROOT = iphoneos;
				TARGETED_DEVICE_FAMILY = "1,2";
			};
			name = Debug;
		};
		602213601E7F61CF004616A2 /* Release */ = {
			isa = XCBuildConfiguration;
			buildSettings = {
				ALWAYS_SEARCH_USER_PATHS = NO;
				CLANG_ANALYZER_NONNULL = YES;
				CLANG_CXX_LANGUAGE_STANDARD = "gnu++0x";
				CLANG_CXX_LIBRARY = "libc++";
				CLANG_ENABLE_MODULES = YES;
				CLANG_ENABLE_OBJC_ARC = YES;
				CLANG_WARN_BOOL_CONVERSION = YES;
				CLANG_WARN_CONSTANT_CONVERSION = YES;
				CLANG_WARN_DIRECT_OBJC_ISA_USAGE = YES_ERROR;
				CLANG_WARN_DOCUMENTATION_COMMENTS = YES;
				CLANG_WARN_EMPTY_BODY = YES;
				CLANG_WARN_ENUM_CONVERSION = YES;
				CLANG_WARN_INFINITE_RECURSION = YES;
				CLANG_WARN_INT_CONVERSION = YES;
				CLANG_WARN_OBJC_ROOT_CLASS = YES_ERROR;
				CLANG_WARN_SUSPICIOUS_MOVE = YES;
				CLANG_WARN_UNREACHABLE_CODE = YES;
				CLANG_WARN__DUPLICATE_METHOD_MATCH = YES;
				"CODE_SIGN_IDENTITY[sdk=iphoneos*]" = "iPhone Developer";
				COPY_PHASE_STRIP = NO;
				DEBUG_INFORMATION_FORMAT = "dwarf-with-dsym";
				ENABLE_NS_ASSERTIONS = NO;
				ENABLE_STRICT_OBJC_MSGSEND = YES;
				GCC_C_LANGUAGE_STANDARD = gnu99;
				GCC_NO_COMMON_BLOCKS = YES;
				GCC_WARN_64_TO_32_BIT_CONVERSION = YES;
				GCC_WARN_ABOUT_RETURN_TYPE = YES_ERROR;
				GCC_WARN_UNDECLARED_SELECTOR = YES;
				GCC_WARN_UNINITIALIZED_AUTOS = YES_AGGRESSIVE;
				GCC_WARN_UNUSED_FUNCTION = YES;
				GCC_WARN_UNUSED_VARIABLE = YES;
				IPHONEOS_DEPLOYMENT_TARGET = 10.2;
				MTL_ENABLE_DEBUG_INFO = NO;
				SDKROOT = iphoneos;
				TARGETED_DEVICE_FAMILY = "1,2";
				VALIDATE_PRODUCT = YES;
			};
			name = Release;
		};
		602213621E7F61CF004616A2 /* Debug */ = {
			isa = XCBuildConfiguration;
			buildSettings = {
				ASSETCATALOG_COMPILER_APPICON_NAME = AppIcon;
				DEVELOPMENT_TEAM = PYJ3M9TJFN;
				INFOPLIST_FILE = DispatchTimer/Info.plist;
				LD_RUNPATH_SEARCH_PATHS = "$(inherited) @executable_path/Frameworks";
				PRODUCT_BUNDLE_IDENTIFIER = www.DispatchTimer;
				PRODUCT_NAME = "$(TARGET_NAME)";
			};
			name = Debug;
		};
		602213631E7F61CF004616A2 /* Release */ = {
			isa = XCBuildConfiguration;
			buildSettings = {
				ASSETCATALOG_COMPILER_APPICON_NAME = AppIcon;
				DEVELOPMENT_TEAM = PYJ3M9TJFN;
				INFOPLIST_FILE = DispatchTimer/Info.plist;
				LD_RUNPATH_SEARCH_PATHS = "$(inherited) @executable_path/Frameworks";
				PRODUCT_BUNDLE_IDENTIFIER = www.DispatchTimer;
				PRODUCT_NAME = "$(TARGET_NAME)";
			};
			name = Release;
		};
/* End XCBuildConfiguration section */

/* Begin XCConfigurationList section */
		602213451E7F61CF004616A2 /* Build configuration list for PBXProject "DispatchTimer" */ = {
			isa = XCConfigurationList;
			buildConfigurations = (
				6022135F1E7F61CF004616A2 /* Debug */,
				602213601E7F61CF004616A2 /* Release */,
			);
			defaultConfigurationIsVisible = 0;
			defaultConfigurationName = Release;
		};
		602213611E7F61CF004616A2 /* Build configuration list for PBXNativeTarget "DispatchTimer" */ = {
			isa = XCConfigurationList;
			buildConfigurations = (
				602213621E7F61CF004616A2 /* Debug */,
				602213631E7F61CF004616A2 /* Release */,
			);
			defaultConfigurationIsVisible = 0;
		};
/* End XCConfigurationList section */
	};
	rootObject = 602213421E7F61CF004616A2 /* Project object */;
}
